// !$*UTF8*$!
{
	archiveVersion = 1;
	classes = {
	};
	objectVersion = 46;
	objects = {

/* Begin PBXBuildFile section */
		D6DA7C5F1DF1A7270096706E /* AppDelegate.swift in Sources */ = {isa = PBXBuildFile; fileRef = D6DA7C5E1DF1A7270096706E /* AppDelegate.swift */; };
		D6DA7C611DF1A7270096706E /* ViewController.swift in Sources */ = {isa = PBXBuildFile; fileRef = D6DA7C601DF1A7270096706E /* ViewController.swift */; };
		D6DA7C641DF1A7270096706E /* Main.storyboard in Resources */ = {isa = PBXBuildFile; fileRef = D6DA7C621DF1A7270096706E /* Main.storyboard */; };
		D6DA7C661DF1A7270096706E /* Assets.xcassets in Resources */ = {isa = PBXBuildFile; fileRef = D6DA7C651DF1A7270096706E /* Assets.xcassets */; };
		D6DA7C691DF1A7270096706E /* LaunchScreen.storyboard in Resources */ = {isa = PBXBuildFile; fileRef = D6DA7C671DF1A7270096706E /* LaunchScreen.storyboard */; };
		D6DA7C721DF1A76C0096706E /* MAGlowingLabel.swift in Sources */ = {isa = PBXBuildFile; fileRef = D6DA7C711DF1A76C0096706E /* MAGlowingLabel.swift */; };
/* End PBXBuildFile section */

/* Begin PBXFileReference section */
		D6DA7C5B1DF1A7270096706E /* MAGlowingLabel.app */ = {isa = PBXFileReference; explicitFileType = wrapper.application; includeInIndex = 0; path = MAGlowingLabel.app; sourceTree = BUILT_PRODUCTS_DIR; };
		D6DA7C5E1DF1A7270096706E /* AppDelegate.swift */ = {isa = PBXFileReference; lastKnownFileType = sourcecode.swift; path = AppDelegate.swift; sourceTree = "<group>"; };
		D6DA7C601DF1A7270096706E /* ViewController.swift */ = {isa = PBXFileReference; lastKnownFileType = sourcecode.swift; path = ViewController.swift; sourceTree = "<group>"; };
		D6DA7C631DF1A7270096706E /* Base */ = {isa = PBXFileReference; lastKnownFileType = file.storyboard; name = Base; path = Base.lproj/Main.storyboard; sourceTree = "<group>"; };
		D6DA7C651DF1A7270096706E /* Assets.xcassets */ = {isa = PBXFileReference; lastKnownFileType = folder.assetcatalog; path = Assets.xcassets; sourceTree = "<group>"; };
		D6DA7C681DF1A7270096706E /* Base */ = {isa = PBXFileReference; lastKnownFileType = file.storyboard; name = Base; path = Base.lproj/LaunchScreen.storyboard; sourceTree = "<group>"; };
		D6DA7C6A1DF1A7270096706E /* Info.plist */ = {isa = PBXFileReference; lastKnownFileType = text.plist.xml; path = Info.plist; sourceTree = "<group>"; };
		D6DA7C711DF1A76C0096706E /* MAGlowingLabel.swift */ = {isa = PBXFileReference; fileEncoding = 4; lastKnownFileType = sourcecode.swift; path = MAGlowingLabel.swift; sourceTree = "<group>"; };
/* End PBXFileReference section */

/* Begin PBXFrameworksBuildPhase section */
		D6DA7C581DF1A7270096706E /* Frameworks */ = {
			isa = PBXFrameworksBuildPhase;
			buildActionMask = 2147483647;
			files = (
			);
			runOnlyForDeploymentPostprocessing = 0;
		};
/* End PBXFrameworksBuildPhase section */

/* Begin PBXGroup section */
		D6DA7C521DF1A7270096706E = {
			isa = PBXGroup;
			children = (
				D6DA7C701DF1A7560096706E /* Classes */,
				D6DA7C5D1DF1A7270096706E /* MAGlowingLabel */,
				D6DA7C5C1DF1A7270096706E /* Products */,
			);
			sourceTree = "<group>";
		};
		D6DA7C5C1DF1A7270096706E /* Products */ = {
			isa = PBXGroup;
			children = (
				D6DA7C5B1DF1A7270096706E /* MAGlowingLabel.app */,
			);
			name = Products;
			sourceTree = "<group>";
		};
		D6DA7C5D1DF1A7270096706E /* MAGlowingLabel */ = {
			isa = PBXGroup;
			children = (
				D6DA7C5E1DF1A7270096706E /* AppDelegate.swift */,
				D6DA7C601DF1A7270096706E /* ViewController.swift */,
				D6DA7C621DF1A7270096706E /* Main.storyboard */,
				D6DA7C651DF1A7270096706E /* Assets.xcassets */,
				D6DA7C671DF1A7270096706E /* LaunchScreen.storyboard */,
				D6DA7C6A1DF1A7270096706E /* Info.plist */,
			);
			path = MAGlowingLabel;
			sourceTree = "<group>";
		};
		D6DA7C701DF1A7560096706E /* Classes */ = {
			isa = PBXGroup;
			children = (
				D6DA7C711DF1A76C0096706E /* MAGlowingLabel.swift */,
			);
			path = Classes;
			sourceTree = "<group>";
		};
/* End PBXGroup section */

/* Begin PBXNativeTarget section */
		D6DA7C5A1DF1A7270096706E /* MAGlowingLabel */ = {
			isa = PBXNativeTarget;
			buildConfigurationList = D6DA7C6D1DF1A7270096706E /* Build configuration list for PBXNativeTarget "MAGlowingLabel" */;
			buildPhases = (
				D6DA7C571DF1A7270096706E /* Sources */,
				D6DA7C581DF1A7270096706E /* Frameworks */,
				D6DA7C591DF1A7270096706E /* Resources */,
			);
			buildRules = (
			);
			dependencies = (
			);
			name = MAGlowingLabel;
			productName = MAGlowingLabel;
			productReference = D6DA7C5B1DF1A7270096706E /* MAGlowingLabel.app */;
			productType = "com.apple.product-type.application";
		};
/* End PBXNativeTarget section */

/* Begin PBXProject section */
		D6DA7C531DF1A7270096706E /* Project object */ = {
			isa = PBXProject;
			attributes = {
				LastSwiftUpdateCheck = 0730;
				LastUpgradeCheck = 0730;
				ORGANIZATIONNAME = MARWAN;
				TargetAttributes = {
					D6DA7C5A1DF1A7270096706E = {
						CreatedOnToolsVersion = 7.3;
					};
				};
			};
			buildConfigurationList = D6DA7C561DF1A7270096706E /* Build configuration list for PBXProject "MAGlowingLabel" */;
			compatibilityVersion = "Xcode 3.2";
			developmentRegion = English;
			hasScannedForEncodings = 0;
			knownRegions = (
				en,
				Base,
			);
			mainGroup = D6DA7C521DF1A7270096706E;
			productRefGroup = D6DA7C5C1DF1A7270096706E /* Products */;
			projectDirPath = "";
			projectRoot = "";
			targets = (
				D6DA7C5A1DF1A7270096706E /* MAGlowingLabel */,
			);
		};
/* End PBXProject section */

/* Begin PBXResourcesBuildPhase section */
		D6DA7C591DF1A7270096706E /* Resources */ = {
			isa = PBXResourcesBuildPhase;
			buildActionMask = 2147483647;
			files = (
				D6DA7C691DF1A7270096706E /* LaunchScreen.storyboard in Resources */,
				D6DA7C661DF1A7270096706E /* Assets.xcassets in Resources */,
				D6DA7C641DF1A7270096706E /* Main.storyboard in Resources */,
			);
			runOnlyForDeploymentPostprocessing = 0;
		};
/* End PBXResourcesBuildPhase section */

/* Begin PBXSourcesBuildPhase section */
		D6DA7C571DF1A7270096706E /* Sources */ = {
			isa = PBXSourcesBuildPhase;
			buildActionMask = 2147483647;
			files = (
				D6DA7C721DF1A76C0096706E /* MAGlowingLabel.swift in Sources */,
				D6DA7C611DF1A7270096706E /* ViewController.swift in Sources */,
				D6DA7C5F1DF1A7270096706E /* AppDelegate.swift in Sources */,
			);
			runOnlyForDeploymentPostprocessing = 0;
		};
/* End PBXSourcesBuildPhase section */

/* Begin PBXVariantGroup section */
		D6DA7C621DF1A7270096706E /* Main.storyboard */ = {
			isa = PBXVariantGroup;
			children = (
				D6DA7C631DF1A7270096706E /* Base */,
			);
			name = Main.storyboard;
			sourceTree = "<group>";
		};
		D6DA7C671DF1A7270096706E /* LaunchScreen.storyboard */ = {
			isa = PBXVariantGroup;
			children = (
				D6DA7C681DF1A7270096706E /* Base */,
			);
			name = LaunchScreen.storyboard;
			sourceTree = "<group>";
		};
/* End PBXVariantGroup section */

/* Begin XCBuildConfiguration section */
		D6DA7C6B1DF1A7270096706E /* Debug */ = {
			isa = XCBuildConfiguration;
			buildSettings = {
				ALWAYS_SEARCH_USER_PATHS = NO;
				CLANG_ANALYZER_NONNULL = YES;
				CLANG_CXX_LANGUAGE_STANDARD = "gnu++0x";
				CLANG_CXX_LIBRARY = "libc++";
				CLANG_ENABLE_MODULES = YES;
				CLANG_ENABLE_OBJC_ARC = YES;
				CLANG_WARN_BOOL_CONVERSION = YES;
				CLANG_WARN_CONSTANT_CONVERSION = YES;
				CLANG_WARN_DIRECT_OBJC_ISA_USAGE = YES_ERROR;
				CLANG_WARN_EMPTY_BODY = YES;
				CLANG_WARN_ENUM_CONVERSION = YES;
				CLANG_WARN_INT_CONVERSION = YES;
				CLANG_WARN_OBJC_ROOT_CLASS = YES_ERROR;
				CLANG_WARN_UNREACHABLE_CODE = YES;
				CLANG_WARN__DUPLICATE_METHOD_MATCH = YES;
				"CODE_SIGN_IDENTITY[sdk=iphoneos*]" = "iPhone Developer";
				COPY_PHASE_STRIP = NO;
				DEBUG_INFORMATION_FORMAT = dwarf;
				ENABLE_STRICT_OBJC_MSGSEND = YES;
				ENABLE_TESTABILITY = YES;
				GCC_C_LANGUAGE_STANDARD = gnu99;
				GCC_DYNAMIC_NO_PIC = NO;
				GCC_NO_COMMON_BLOCKS = YES;
				GCC_OPTIMIZATION_LEVEL = 0;
				GCC_PREPROCESSOR_DEFINITIONS = (
					"DEBUG=1",
					"$(inherited)",
				);
				GCC_WARN_64_TO_32_BIT_CONVERSION = YES;
				GCC_WARN_ABOUT_RETURN_TYPE = YES_ERROR;
				GCC_WARN_UNDECLARED_SELECTOR = YES;
				GCC_WARN_UNINITIALIZED_AUTOS = YES_AGGRESSIVE;
				GCC_WARN_UNUSED_FUNCTION = YES;
				GCC_WARN_UNUSED_VARIABLE = YES;
				IPHONEOS_DEPLOYMENT_TARGET = 9.3;
				MTL_ENABLE_DEBUG_INFO = YES;
				ONLY_ACTIVE_ARCH = YES;
				SDKROOT = iphoneos;
				SWIFT_OPTIMIZATION_LEVEL = "-Onone";
				TARGETED_DEVICE_FAMILY = "1,2";
			};
			name = Debug;
		};
		D6DA7C6C1DF1A7270096706E /* Release */ = {
			isa = XCBuildConfiguration;
			buildSettings = {
				ALWAYS_SEARCH_USER_PATHS = NO;
				CLANG_ANALYZER_NONNULL = YES;
				CLANG_CXX_LANGUAGE_STANDARD = "gnu++0x";
				CLANG_CXX_LIBRARY = "libc++";
				CLANG_ENABLE_MODULES = YES;
				CLANG_ENABLE_OBJC_ARC = YES;
				CLANG_WARN_BOOL_CONVERSION = YES;
				CLANG_WARN_CONSTANT_CONVERSION = YES;
				CLANG_WARN_DIRECT_OBJC_ISA_USAGE = YES_ERROR;
				CLANG_WARN_EMPTY_BODY = YES;
				CLANG_WARN_ENUM_CONVERSION = YES;
				CLANG_WARN_INT_CONVERSION = YES;
				CLANG_WARN_OBJC_ROOT_CLASS = YES_ERROR;
				CLANG_WARN_UNREACHABLE_CODE = YES;
				CLANG_WARN__DUPLICATE_METHOD_MATCH = YES;
				"CODE_SIGN_IDENTITY[sdk=iphoneos*]" = "iPhone Developer";
				COPY_PHASE_STRIP = NO;
				DEBUG_INFORMATION_FORMAT = "dwarf-with-dsym";
				ENABLE_NS_ASSERTIONS = NO;
				ENABLE_STRICT_OBJC_MSGSEND = YES;
				GCC_C_LANGUAGE_STANDARD = gnu99;
				GCC_NO_COMMON_BLOCKS = YES;
				GCC_WARN_64_TO_32_BIT_CONVERSION = YES;
				GCC_WARN_ABOUT_RETURN_TYPE = YES_ERROR;
				GCC_WARN_UNDECLARED_SELECTOR = YES;
				GCC_WARN_UNINITIALIZED_AUTOS = YES_AGGRESSIVE;
				GCC_WARN_UNUSED_FUNCTION = YES;
				GCC_WARN_UNUSED_VARIABLE = YES;
				IPHONEOS_DEPLOYMENT_TARGET = 9.3;
				MTL_ENABLE_DEBUG_INFO = NO;
				SDKROOT = iphoneos;
				TARGETED_DEVICE_FAMILY = "1,2";
				VALIDATE_PRODUCT = YES;
			};
			name = Release;
		};
		D6DA7C6E1DF1A7270096706E /* Debug */ = {
			isa = XCBuildConfiguration;
			buildSettings = {
				ASSETCATALOG_COMPILER_APPICON_NAME = AppIcon;
				INFOPLIST_FILE = MAGlowingLabel/Info.plist;
				LD_RUNPATH_SEARCH_PATHS = "$(inherited) @executable_path/Frameworks";
				PRODUCT_BUNDLE_IDENTIFIER = com.marwan.MAGlowingLabel;
				PRODUCT_NAME = "$(TARGET_NAME)";
			};
			name = Debug;
		};
		D6DA7C6F1DF1A7270096706E /* Release */ = {
			isa = XCBuildConfiguration;
			buildSettings = {
				ASSETCATALOG_COMPILER_APPICON_NAME = AppIcon;
				INFOPLIST_FILE = MAGlowingLabel/Info.plist;
				LD_RUNPATH_SEARCH_PATHS = "$(inherited) @executable_path/Frameworks";
				PRODUCT_BUNDLE_IDENTIFIER = com.marwan.MAGlowingLabel;
				PRODUCT_NAME = "$(TARGET_NAME)";
			};
			name = Release;
		};
/* End XCBuildConfiguration section */

/* Begin XCConfigurationList section */
		D6DA7C561DF1A7270096706E /* Build configuration list for PBXProject "MAGlowingLabel" */ = {
			isa = XCConfigurationList;
			buildConfigurations = (
				D6DA7C6B1DF1A7270096706E /* Debug */,
				D6DA7C6C1DF1A7270096706E /* Release */,
			);
			defaultConfigurationIsVisible = 0;
			defaultConfigurationName = Release;
		};
		D6DA7C6D1DF1A7270096706E /* Build configuration list for PBXNativeTarget "MAGlowingLabel" */ = {
			isa = XCConfigurationList;
			buildConfigurations = (
				D6DA7C6E1DF1A7270096706E /* Debug */,
				D6DA7C6F1DF1A7270096706E /* Release */,
			);
			defaultConfigurationIsVisible = 0;
		};
/* End XCConfigurationList section */
	};
	rootObject = D6DA7C531DF1A7270096706E /* Project object */;
}
